// !$*UTF8*$!
{
	archiveVersion = 1;
	classes = {
	};
	objectVersion = 56;
	objects = {

/* Begin PBXBuildFile section */
		086009A72A013BE7006485F7 /* OtisApp.swift in Sources */ = {isa = PBXBuildFile; fileRef = 086009A62A013BE7006485F7 /* OtisApp.swift */; };
		086009AB2A013BE8006485F7 /* Assets.xcassets in Resources */ = {isa = PBXBuildFile; fileRef = 086009AA2A013BE8006485F7 /* Assets.xcassets */; };
		086009AF2A013BE8006485F7 /* Preview Assets.xcassets in Resources */ = {isa = PBXBuildFile; fileRef = 086009AE2A013BE8006485F7 /* Preview Assets.xcassets */; };
		086009B72A013C2F006485F7 /* Extensions.swift in Sources */ = {isa = PBXBuildFile; fileRef = 086009B62A013C2F006485F7 /* Extensions.swift */; };
		086009BD2A013C59006485F7 /* DataModel.swift in Sources */ = {isa = PBXBuildFile; fileRef = 086009B92A013C59006485F7 /* DataModel.swift */; };
		086009BE2A013C59006485F7 /* CourseModel.swift in Sources */ = {isa = PBXBuildFile; fileRef = 086009BA2A013C59006485F7 /* CourseModel.swift */; };
		086009BF2A013C59006485F7 /* SettingsModel.swift in Sources */ = {isa = PBXBuildFile; fileRef = 086009BB2A013C59006485F7 /* SettingsModel.swift */; };
		086009C02A013C59006485F7 /* GlobalEnvironment.swift in Sources */ = {isa = PBXBuildFile; fileRef = 086009BC2A013C59006485F7 /* GlobalEnvironment.swift */; };
		086009C72A013C77006485F7 /* LatinVocabulary.swift in Sources */ = {isa = PBXBuildFile; fileRef = 086009C42A013C77006485F7 /* LatinVocabulary.swift */; };
		086009C82A013C77006485F7 /* LatinGrammarForms.swift in Sources */ = {isa = PBXBuildFile; fileRef = 086009C52A013C77006485F7 /* LatinGrammarForms.swift */; };
		086009C92A013C77006485F7 /* LatinGrammarRules.swift in Sources */ = {isa = PBXBuildFile; fileRef = 086009C62A013C77006485F7 /* LatinGrammarRules.swift */; };
		086009D62A013CCA006485F7 /* ContentView.swift in Sources */ = {isa = PBXBuildFile; fileRef = 086009D22A013CCA006485F7 /* ContentView.swift */; };
		086009D72A013CCA006485F7 /* SplashScreen.swift in Sources */ = {isa = PBXBuildFile; fileRef = 086009D32A013CCA006485F7 /* SplashScreen.swift */; };
		086009D82A013CCA006485F7 /* IntroView.swift in Sources */ = {isa = PBXBuildFile; fileRef = 086009D42A013CCA006485F7 /* IntroView.swift */; };
		086009D92A013CCA006485F7 /* HomeView.swift in Sources */ = {isa = PBXBuildFile; fileRef = 086009D52A013CCA006485F7 /* HomeView.swift */; };
		086009E22A013CD6006485F7 /* PopupView.swift in Sources */ = {isa = PBXBuildFile; fileRef = 086009DB2A013CD6006485F7 /* PopupView.swift */; };
		086009E32A013CD6006485F7 /* AppearanceView.swift in Sources */ = {isa = PBXBuildFile; fileRef = 086009DC2A013CD6006485F7 /* AppearanceView.swift */; };
		086009E42A013CD6006485F7 /* SelectableRectView.swift in Sources */ = {isa = PBXBuildFile; fileRef = 086009DD2A013CD6006485F7 /* SelectableRectView.swift */; };
		086009E52A013CD6006485F7 /* TagView.swift in Sources */ = {isa = PBXBuildFile; fileRef = 086009DE2A013CD6006485F7 /* TagView.swift */; };
		086009E62A013CD6006485F7 /* Shapes.swift in Sources */ = {isa = PBXBuildFile; fileRef = 086009DF2A013CD6006485F7 /* Shapes.swift */; };
		086009E72A013CD6006485F7 /* ProgressBaViewr.swift in Sources */ = {isa = PBXBuildFile; fileRef = 086009E02A013CD6006485F7 /* ProgressBaViewr.swift */; };
		086009E82A013CD6006485F7 /* BlurView.swift in Sources */ = {isa = PBXBuildFile; fileRef = 086009E12A013CD6006485F7 /* BlurView.swift */; };
		086009EF2A013CE9006485F7 /* GrammarRuleView.swift in Sources */ = {isa = PBXBuildFile; fileRef = 086009EA2A013CE9006485F7 /* GrammarRuleView.swift */; };
		086009F02A013CE9006485F7 /* StudyView.swift in Sources */ = {isa = PBXBuildFile; fileRef = 086009EB2A013CE9006485F7 /* StudyView.swift */; };
		086009F12A013CE9006485F7 /* SettingsView.swift in Sources */ = {isa = PBXBuildFile; fileRef = 086009EC2A013CE9006485F7 /* SettingsView.swift */; };
		086009F22A013CE9006485F7 /* SearchView.swift in Sources */ = {isa = PBXBuildFile; fileRef = 086009ED2A013CE9006485F7 /* SearchView.swift */; };
		086009F32A013CE9006485F7 /* GrammarFormView.swift in Sources */ = {isa = PBXBuildFile; fileRef = 086009EE2A013CE9006485F7 /* GrammarFormView.swift */; };
		086009F82A013CF2006485F7 /* StudyLearnView.swift in Sources */ = {isa = PBXBuildFile; fileRef = 086009F52A013CF2006485F7 /* StudyLearnView.swift */; };
		086009F92A013CF2006485F7 /* StudyAnswerView.swift in Sources */ = {isa = PBXBuildFile; fileRef = 086009F62A013CF2006485F7 /* StudyAnswerView.swift */; };
		086009FA2A013CF2006485F7 /* StudyFlashCView.swift in Sources */ = {isa = PBXBuildFile; fileRef = 086009F72A013CF2006485F7 /* StudyFlashCView.swift */; };
/* End PBXBuildFile section */

/* Begin PBXFileReference section */
		086009A32A013BE7006485F7 /* Otis.app */ = {isa = PBXFileReference; explicitFileType = wrapper.application; includeInIndex = 0; path = Otis.app; sourceTree = BUILT_PRODUCTS_DIR; };
		086009A62A013BE7006485F7 /* OtisApp.swift */ = {isa = PBXFileReference; lastKnownFileType = sourcecode.swift; path = OtisApp.swift; sourceTree = "<group>"; };
		086009AA2A013BE8006485F7 /* Assets.xcassets */ = {isa = PBXFileReference; lastKnownFileType = folder.assetcatalog; path = Assets.xcassets; sourceTree = "<group>"; };
		086009AC2A013BE8006485F7 /* Otis.entitlements */ = {isa = PBXFileReference; lastKnownFileType = text.plist.entitlements; path = Otis.entitlements; sourceTree = "<group>"; };
		086009AE2A013BE8006485F7 /* Preview Assets.xcassets */ = {isa = PBXFileReference; lastKnownFileType = folder.assetcatalog; path = "Preview Assets.xcassets"; sourceTree = "<group>"; };
		086009B62A013C2F006485F7 /* Extensions.swift */ = {isa = PBXFileReference; lastKnownFileType = sourcecode.swift; path = Extensions.swift; sourceTree = "<group>"; };
		086009B92A013C59006485F7 /* DataModel.swift */ = {isa = PBXFileReference; fileEncoding = 4; lastKnownFileType = sourcecode.swift; path = DataModel.swift; sourceTree = "<group>"; };
		086009BA2A013C59006485F7 /* CourseModel.swift */ = {isa = PBXFileReference; fileEncoding = 4; lastKnownFileType = sourcecode.swift; path = CourseModel.swift; sourceTree = "<group>"; };
		086009BB2A013C59006485F7 /* SettingsModel.swift */ = {isa = PBXFileReference; fileEncoding = 4; lastKnownFileType = sourcecode.swift; path = SettingsModel.swift; sourceTree = "<group>"; };
		086009BC2A013C59006485F7 /* GlobalEnvironment.swift */ = {isa = PBXFileReference; fileEncoding = 4; lastKnownFileType = sourcecode.swift; path = GlobalEnvironment.swift; sourceTree = "<group>"; };
		086009C42A013C77006485F7 /* LatinVocabulary.swift */ = {isa = PBXFileReference; fileEncoding = 4; lastKnownFileType = sourcecode.swift; path = LatinVocabulary.swift; sourceTree = "<group>"; };
		086009C52A013C77006485F7 /* LatinGrammarForms.swift */ = {isa = PBXFileReference; fileEncoding = 4; lastKnownFileType = sourcecode.swift; path = LatinGrammarForms.swift; sourceTree = "<group>"; };
		086009C62A013C77006485F7 /* LatinGrammarRules.swift */ = {isa = PBXFileReference; fileEncoding = 4; lastKnownFileType = sourcecode.swift; path = LatinGrammarRules.swift; sourceTree = "<group>"; };
		086009D22A013CCA006485F7 /* ContentView.swift */ = {isa = PBXFileReference; fileEncoding = 4; lastKnownFileType = sourcecode.swift; path = ContentView.swift; sourceTree = "<group>"; };
		086009D32A013CCA006485F7 /* SplashScreen.swift */ = {isa = PBXFileReference; fileEncoding = 4; lastKnownFileType = sourcecode.swift; path = SplashScreen.swift; sourceTree = "<group>"; };
		086009D42A013CCA006485F7 /* IntroView.swift */ = {isa = PBXFileReference; fileEncoding = 4; lastKnownFileType = sourcecode.swift; path = IntroView.swift; sourceTree = "<group>"; };
		086009D52A013CCA006485F7 /* HomeView.swift */ = {isa = PBXFileReference; fileEncoding = 4; lastKnownFileType = sourcecode.swift; path = HomeView.swift; sourceTree = "<group>"; };
		086009DB2A013CD6006485F7 /* PopupView.swift */ = {isa = PBXFileReference; fileEncoding = 4; lastKnownFileType = sourcecode.swift; path = PopupView.swift; sourceTree = "<group>"; };
		086009DC2A013CD6006485F7 /* AppearanceView.swift */ = {isa = PBXFileReference; fileEncoding = 4; lastKnownFileType = sourcecode.swift; path = AppearanceView.swift; sourceTree = "<group>"; };
		086009DD2A013CD6006485F7 /* SelectableRectView.swift */ = {isa = PBXFileReference; fileEncoding = 4; lastKnownFileType = sourcecode.swift; path = SelectableRectView.swift; sourceTree = "<group>"; };
		086009DE2A013CD6006485F7 /* TagView.swift */ = {isa = PBXFileReference; fileEncoding = 4; lastKnownFileType = sourcecode.swift; path = TagView.swift; sourceTree = "<group>"; };
		086009DF2A013CD6006485F7 /* Shapes.swift */ = {isa = PBXFileReference; fileEncoding = 4; lastKnownFileType = sourcecode.swift; path = Shapes.swift; sourceTree = "<group>"; };
		086009E02A013CD6006485F7 /* ProgressBaViewr.swift */ = {isa = PBXFileReference; fileEncoding = 4; lastKnownFileType = sourcecode.swift; path = ProgressBaViewr.swift; sourceTree = "<group>"; };
		086009E12A013CD6006485F7 /* BlurView.swift */ = {isa = PBXFileReference; fileEncoding = 4; lastKnownFileType = sourcecode.swift; path = BlurView.swift; sourceTree = "<group>"; };
		086009EA2A013CE9006485F7 /* GrammarRuleView.swift */ = {isa = PBXFileReference; fileEncoding = 4; lastKnownFileType = sourcecode.swift; path = GrammarRuleView.swift; sourceTree = "<group>"; };
		086009EB2A013CE9006485F7 /* StudyView.swift */ = {isa = PBXFileReference; fileEncoding = 4; lastKnownFileType = sourcecode.swift; path = StudyView.swift; sourceTree = "<group>"; };
		086009EC2A013CE9006485F7 /* SettingsView.swift */ = {isa = PBXFileReference; fileEncoding = 4; lastKnownFileType = sourcecode.swift; path = SettingsView.swift; sourceTree = "<group>"; };
		086009ED2A013CE9006485F7 /* SearchView.swift */ = {isa = PBXFileReference; fileEncoding = 4; lastKnownFileType = sourcecode.swift; path = SearchView.swift; sourceTree = "<group>"; };
		086009EE2A013CE9006485F7 /* GrammarFormView.swift */ = {isa = PBXFileReference; fileEncoding = 4; lastKnownFileType = sourcecode.swift; path = GrammarFormView.swift; sourceTree = "<group>"; };
		086009F52A013CF2006485F7 /* StudyLearnView.swift */ = {isa = PBXFileReference; fileEncoding = 4; lastKnownFileType = sourcecode.swift; path = StudyLearnView.swift; sourceTree = "<group>"; };
		086009F62A013CF2006485F7 /* StudyAnswerView.swift */ = {isa = PBXFileReference; fileEncoding = 4; lastKnownFileType = sourcecode.swift; path = StudyAnswerView.swift; sourceTree = "<group>"; };
		086009F72A013CF2006485F7 /* StudyFlashCView.swift */ = {isa = PBXFileReference; fileEncoding = 4; lastKnownFileType = sourcecode.swift; path = StudyFlashCView.swift; sourceTree = "<group>"; };
/* End PBXFileReference section */

/* Begin PBXFrameworksBuildPhase section */
		086009A02A013BE7006485F7 /* Frameworks */ = {
			isa = PBXFrameworksBuildPhase;
			buildActionMask = 2147483647;
			files = (
			);
			runOnlyForDeploymentPostprocessing = 0;
		};
/* End PBXFrameworksBuildPhase section */

/* Begin PBXGroup section */
		0860099A2A013BE7006485F7 = {
			isa = PBXGroup;
			children = (
				086009A52A013BE7006485F7 /* Otis */,
				086009A42A013BE7006485F7 /* Products */,
			);
			sourceTree = "<group>";
		};
		086009A42A013BE7006485F7 /* Products */ = {
			isa = PBXGroup;
			children = (
				086009A32A013BE7006485F7 /* Otis.app */,
			);
			name = Products;
			sourceTree = "<group>";
		};
		086009A52A013BE7006485F7 /* Otis */ = {
			isa = PBXGroup;
			children = (
				086009D12A013CBE006485F7 /* View */,
				086009B82A013C3E006485F7 /* Model */,
				086009B52A013C1E006485F7 /* Extensions */,
				086009A62A013BE7006485F7 /* OtisApp.swift */,
				086009AA2A013BE8006485F7 /* Assets.xcassets */,
				086009AC2A013BE8006485F7 /* Otis.entitlements */,
				086009AD2A013BE8006485F7 /* Preview Content */,
			);
			path = Otis;
			sourceTree = "<group>";
		};
		086009AD2A013BE8006485F7 /* Preview Content */ = {
			isa = PBXGroup;
			children = (
				086009AE2A013BE8006485F7 /* Preview Assets.xcassets */,
			);
			path = "Preview Content";
			sourceTree = "<group>";
		};
		086009B52A013C1E006485F7 /* Extensions */ = {
			isa = PBXGroup;
			children = (
				086009B62A013C2F006485F7 /* Extensions.swift */,
			);
			path = Extensions;
			sourceTree = "<group>";
		};
		086009B82A013C3E006485F7 /* Model */ = {
			isa = PBXGroup;
			children = (
				086009C12A013C5C006485F7 /* Data */,
				086009BA2A013C59006485F7 /* CourseModel.swift */,
				086009B92A013C59006485F7 /* DataModel.swift */,
				086009BC2A013C59006485F7 /* GlobalEnvironment.swift */,
				086009BB2A013C59006485F7 /* SettingsModel.swift */,
			);
			path = Model;
			sourceTree = "<group>";
		};
		086009C12A013C5C006485F7 /* Data */ = {
			isa = PBXGroup;
			children = (
				086009C22A013C68006485F7 /* Courses */,
			);
			path = Data;
			sourceTree = "<group>";
		};
		086009C22A013C68006485F7 /* Courses */ = {
			isa = PBXGroup;
			children = (
				086009C32A013C6D006485F7 /* Latin */,
			);
			path = Courses;
			sourceTree = "<group>";
		};
		086009C32A013C6D006485F7 /* Latin */ = {
			isa = PBXGroup;
			children = (
				086009C52A013C77006485F7 /* LatinGrammarForms.swift */,
				086009C62A013C77006485F7 /* LatinGrammarRules.swift */,
				086009C42A013C77006485F7 /* LatinVocabulary.swift */,
			);
			path = Latin;
			sourceTree = "<group>";
		};
		086009D12A013CBE006485F7 /* View */ = {
			isa = PBXGroup;
			children = (
				086009E92A013CDF006485F7 /* Pages */,
				086009DA2A013CCC006485F7 /* Custom */,
				086009D22A013CCA006485F7 /* ContentView.swift */,
				086009D52A013CCA006485F7 /* HomeView.swift */,
				086009D42A013CCA006485F7 /* IntroView.swift */,
				086009D32A013CCA006485F7 /* SplashScreen.swift */,
			);
			path = View;
			sourceTree = "<group>";
		};
		086009DA2A013CCC006485F7 /* Custom */ = {
			isa = PBXGroup;
			children = (
				086009DC2A013CD6006485F7 /* AppearanceView.swift */,
				086009E12A013CD6006485F7 /* BlurView.swift */,
				086009DB2A013CD6006485F7 /* PopupView.swift */,
				086009E02A013CD6006485F7 /* ProgressBaViewr.swift */,
				086009DD2A013CD6006485F7 /* SelectableRectView.swift */,
				086009DF2A013CD6006485F7 /* Shapes.swift */,
				086009DE2A013CD6006485F7 /* TagView.swift */,
			);
			path = Custom;
			sourceTree = "<group>";
		};
		086009E92A013CDF006485F7 /* Pages */ = {
			isa = PBXGroup;
			children = (
				086009F42A013CEC006485F7 /* Study */,
				086009EE2A013CE9006485F7 /* GrammarFormView.swift */,
				086009EA2A013CE9006485F7 /* GrammarRuleView.swift */,
				086009ED2A013CE9006485F7 /* SearchView.swift */,
				086009EC2A013CE9006485F7 /* SettingsView.swift */,
				086009EB2A013CE9006485F7 /* StudyView.swift */,
			);
			path = Pages;
			sourceTree = "<group>";
		};
		086009F42A013CEC006485F7 /* Study */ = {
			isa = PBXGroup;
			children = (
				086009F62A013CF2006485F7 /* StudyAnswerView.swift */,
				086009F72A013CF2006485F7 /* StudyFlashCView.swift */,
				086009F52A013CF2006485F7 /* StudyLearnView.swift */,
			);
			path = Study;
			sourceTree = "<group>";
		};
/* End PBXGroup section */

/* Begin PBXNativeTarget section */
		086009A22A013BE7006485F7 /* Otis */ = {
			isa = PBXNativeTarget;
			buildConfigurationList = 086009B22A013BE8006485F7 /* Build configuration list for PBXNativeTarget "Otis" */;
			buildPhases = (
				0860099F2A013BE7006485F7 /* Sources */,
				086009A02A013BE7006485F7 /* Frameworks */,
				086009A12A013BE7006485F7 /* Resources */,
			);
			buildRules = (
			);
			dependencies = (
			);
			name = Otis;
			productName = Otis;
			productReference = 086009A32A013BE7006485F7 /* Otis.app */;
			productType = "com.apple.product-type.application";
		};
/* End PBXNativeTarget section */

/* Begin PBXProject section */
		0860099B2A013BE7006485F7 /* Project object */ = {
			isa = PBXProject;
			attributes = {
				BuildIndependentTargetsInParallel = 1;
				LastSwiftUpdateCheck = 1430;
				LastUpgradeCheck = 1430;
				TargetAttributes = {
					086009A22A013BE7006485F7 = {
						CreatedOnToolsVersion = 14.3;
					};
				};
			};
			buildConfigurationList = 0860099E2A013BE7006485F7 /* Build configuration list for PBXProject "Otis" */;
			compatibilityVersion = "Xcode 14.0";
			developmentRegion = en;
			hasScannedForEncodings = 0;
			knownRegions = (
				en,
				Base,
			);
			mainGroup = 0860099A2A013BE7006485F7;
			productRefGroup = 086009A42A013BE7006485F7 /* Products */;
			projectDirPath = "";
			projectRoot = "";
			targets = (
				086009A22A013BE7006485F7 /* Otis */,
			);
		};
/* End PBXProject section */

/* Begin PBXResourcesBuildPhase section */
		086009A12A013BE7006485F7 /* Resources */ = {
			isa = PBXResourcesBuildPhase;
			buildActionMask = 2147483647;
			files = (
				086009AF2A013BE8006485F7 /* Preview Assets.xcassets in Resources */,
				086009AB2A013BE8006485F7 /* Assets.xcassets in Resources */,
			);
			runOnlyForDeploymentPostprocessing = 0;
		};
/* End PBXResourcesBuildPhase section */

/* Begin PBXSourcesBuildPhase section */
		0860099F2A013BE7006485F7 /* Sources */ = {
			isa = PBXSourcesBuildPhase;
			buildActionMask = 2147483647;
			files = (
				086009D72A013CCA006485F7 /* SplashScreen.swift in Sources */,
				086009F92A013CF2006485F7 /* StudyAnswerView.swift in Sources */,
				086009D82A013CCA006485F7 /* IntroView.swift in Sources */,
				086009C72A013C77006485F7 /* LatinVocabulary.swift in Sources */,
				086009D62A013CCA006485F7 /* ContentView.swift in Sources */,
				086009F32A013CE9006485F7 /* GrammarFormView.swift in Sources */,
				086009D92A013CCA006485F7 /* HomeView.swift in Sources */,
				086009F82A013CF2006485F7 /* StudyLearnView.swift in Sources */,
				086009C02A013C59006485F7 /* GlobalEnvironment.swift in Sources */,
				086009C92A013C77006485F7 /* LatinGrammarRules.swift in Sources */,
				086009EF2A013CE9006485F7 /* GrammarRuleView.swift in Sources */,
				086009E22A013CD6006485F7 /* PopupView.swift in Sources */,
				086009BF2A013C59006485F7 /* SettingsModel.swift in Sources */,
				086009E52A013CD6006485F7 /* TagView.swift in Sources */,
				086009E72A013CD6006485F7 /* ProgressBaViewr.swift in Sources */,
				086009F02A013CE9006485F7 /* StudyView.swift in Sources */,
				086009E42A013CD6006485F7 /* SelectableRectView.swift in Sources */,
				086009E32A013CD6006485F7 /* AppearanceView.swift in Sources */,
				086009FA2A013CF2006485F7 /* StudyFlashCView.swift in Sources */,
				086009C82A013C77006485F7 /* LatinGrammarForms.swift in Sources */,
				086009E82A013CD6006485F7 /* BlurView.swift in Sources */,
				086009BE2A013C59006485F7 /* CourseModel.swift in Sources */,
				086009F12A013CE9006485F7 /* SettingsView.swift in Sources */,
				086009BD2A013C59006485F7 /* DataModel.swift in Sources */,
				086009B72A013C2F006485F7 /* Extensions.swift in Sources */,
				086009F22A013CE9006485F7 /* SearchView.swift in Sources */,
				086009E62A013CD6006485F7 /* Shapes.swift in Sources */,
				086009A72A013BE7006485F7 /* OtisApp.swift in Sources */,
			);
			runOnlyForDeploymentPostprocessing = 0;
		};
/* End PBXSourcesBuildPhase section */

/* Begin XCBuildConfiguration section */
		086009B02A013BE8006485F7 /* Debug */ = {
			isa = XCBuildConfiguration;
			buildSettings = {
				ALWAYS_SEARCH_USER_PATHS = NO;
				CLANG_ANALYZER_NONNULL = YES;
				CLANG_ANALYZER_NUMBER_OBJECT_CONVERSION = YES_AGGRESSIVE;
				CLANG_CXX_LANGUAGE_STANDARD = "gnu++20";
				CLANG_ENABLE_MODULES = YES;
				CLANG_ENABLE_OBJC_ARC = YES;
				CLANG_ENABLE_OBJC_WEAK = YES;
				CLANG_WARN_BLOCK_CAPTURE_AUTORELEASING = YES;
				CLANG_WARN_BOOL_CONVERSION = YES;
				CLANG_WARN_COMMA = YES;
				CLANG_WARN_CONSTANT_CONVERSION = YES;
				CLANG_WARN_DEPRECATED_OBJC_IMPLEMENTATIONS = YES;
				CLANG_WARN_DIRECT_OBJC_ISA_USAGE = YES_ERROR;
				CLANG_WARN_DOCUMENTATION_COMMENTS = YES;
				CLANG_WARN_EMPTY_BODY = YES;
				CLANG_WARN_ENUM_CONVERSION = YES;
				CLANG_WARN_INFINITE_RECURSION = YES;
				CLANG_WARN_INT_CONVERSION = YES;
				CLANG_WARN_NON_LITERAL_NULL_CONVERSION = YES;
				CLANG_WARN_OBJC_IMPLICIT_RETAIN_SELF = YES;
				CLANG_WARN_OBJC_LITERAL_CONVERSION = YES;
				CLANG_WARN_OBJC_ROOT_CLASS = YES_ERROR;
				CLANG_WARN_QUOTED_INCLUDE_IN_FRAMEWORK_HEADER = YES;
				CLANG_WARN_RANGE_LOOP_ANALYSIS = YES;
				CLANG_WARN_STRICT_PROTOTYPES = YES;
				CLANG_WARN_SUSPICIOUS_MOVE = YES;
				CLANG_WARN_UNGUARDED_AVAILABILITY = YES_AGGRESSIVE;
				CLANG_WARN_UNREACHABLE_CODE = YES;
				CLANG_WARN__DUPLICATE_METHOD_MATCH = YES;
				COPY_PHASE_STRIP = NO;
				DEBUG_INFORMATION_FORMAT = dwarf;
				ENABLE_STRICT_OBJC_MSGSEND = YES;
				ENABLE_TESTABILITY = YES;
				GCC_C_LANGUAGE_STANDARD = gnu11;
				GCC_DYNAMIC_NO_PIC = NO;
				GCC_NO_COMMON_BLOCKS = YES;
				GCC_OPTIMIZATION_LEVEL = 0;
				GCC_PREPROCESSOR_DEFINITIONS = (
					"DEBUG=1",
					"$(inherited)",
				);
				GCC_WARN_64_TO_32_BIT_CONVERSION = YES;
				GCC_WARN_ABOUT_RETURN_TYPE = YES_ERROR;
				GCC_WARN_UNDECLARED_SELECTOR = YES;
				GCC_WARN_UNINITIALIZED_AUTOS = YES_AGGRESSIVE;
				GCC_WARN_UNUSED_FUNCTION = YES;
				GCC_WARN_UNUSED_VARIABLE = YES;
				MTL_ENABLE_DEBUG_INFO = INCLUDE_SOURCE;
				MTL_FAST_MATH = YES;
				ONLY_ACTIVE_ARCH = YES;
				SWIFT_ACTIVE_COMPILATION_CONDITIONS = DEBUG;
				SWIFT_OPTIMIZATION_LEVEL = "-Onone";
			};
			name = Debug;
		};
		086009B12A013BE8006485F7 /* Release */ = {
			isa = XCBuildConfiguration;
			buildSettings = {
				ALWAYS_SEARCH_USER_PATHS = NO;
				CLANG_ANALYZER_NONNULL = YES;
				CLANG_ANALYZER_NUMBER_OBJECT_CONVERSION = YES_AGGRESSIVE;
				CLANG_CXX_LANGUAGE_STANDARD = "gnu++20";
				CLANG_ENABLE_MODULES = YES;
				CLANG_ENABLE_OBJC_ARC = YES;
				CLANG_ENABLE_OBJC_WEAK = YES;
				CLANG_WARN_BLOCK_CAPTURE_AUTORELEASING = YES;
				CLANG_WARN_BOOL_CONVERSION = YES;
				CLANG_WARN_COMMA = YES;
				CLANG_WARN_CONSTANT_CONVERSION = YES;
				CLANG_WARN_DEPRECATED_OBJC_IMPLEMENTATIONS = YES;
				CLANG_WARN_DIRECT_OBJC_ISA_USAGE = YES_ERROR;
				CLANG_WARN_DOCUMENTATION_COMMENTS = YES;
				CLANG_WARN_EMPTY_BODY = YES;
				CLANG_WARN_ENUM_CONVERSION = YES;
				CLANG_WARN_INFINITE_RECURSION = YES;
				CLANG_WARN_INT_CONVERSION = YES;
				CLANG_WARN_NON_LITERAL_NULL_CONVERSION = YES;
				CLANG_WARN_OBJC_IMPLICIT_RETAIN_SELF = YES;
				CLANG_WARN_OBJC_LITERAL_CONVERSION = YES;
				CLANG_WARN_OBJC_ROOT_CLASS = YES_ERROR;
				CLANG_WARN_QUOTED_INCLUDE_IN_FRAMEWORK_HEADER = YES;
				CLANG_WARN_RANGE_LOOP_ANALYSIS = YES;
				CLANG_WARN_STRICT_PROTOTYPES = YES;
				CLANG_WARN_SUSPICIOUS_MOVE = YES;
				CLANG_WARN_UNGUARDED_AVAILABILITY = YES_AGGRESSIVE;
				CLANG_WARN_UNREACHABLE_CODE = YES;
				CLANG_WARN__DUPLICATE_METHOD_MATCH = YES;
				COPY_PHASE_STRIP = NO;
				DEBUG_INFORMATION_FORMAT = "dwarf-with-dsym";
				ENABLE_NS_ASSERTIONS = NO;
				ENABLE_STRICT_OBJC_MSGSEND = YES;
				GCC_C_LANGUAGE_STANDARD = gnu11;
				GCC_NO_COMMON_BLOCKS = YES;
				GCC_WARN_64_TO_32_BIT_CONVERSION = YES;
				GCC_WARN_ABOUT_RETURN_TYPE = YES_ERROR;
				GCC_WARN_UNDECLARED_SELECTOR = YES;
				GCC_WARN_UNINITIALIZED_AUTOS = YES_AGGRESSIVE;
				GCC_WARN_UNUSED_FUNCTION = YES;
				GCC_WARN_UNUSED_VARIABLE = YES;
				MTL_ENABLE_DEBUG_INFO = NO;
				MTL_FAST_MATH = YES;
				SWIFT_COMPILATION_MODE = wholemodule;
				SWIFT_OPTIMIZATION_LEVEL = "-O";
			};
			name = Release;
		};
		086009B32A013BE8006485F7 /* Debug */ = {
			isa = XCBuildConfiguration;
			buildSettings = {
				ASSETCATALOG_COMPILER_APPICON_NAME = AppIcon;
				ASSETCATALOG_COMPILER_GLOBAL_ACCENT_COLOR_NAME = AccentColor;
				CODE_SIGN_ENTITLEMENTS = Otis/Otis.entitlements;
				CODE_SIGN_STYLE = Automatic;
				CURRENT_PROJECT_VERSION = 1;
				DEVELOPMENT_ASSET_PATHS = "\"Otis/Preview Content\"";
				DEVELOPMENT_TEAM = JAX778BFWN;
				ENABLE_HARDENED_RUNTIME = YES;
				ENABLE_PREVIEWS = YES;
				GENERATE_INFOPLIST_FILE = YES;
				"INFOPLIST_KEY_UIApplicationSceneManifest_Generation[sdk=iphoneos*]" = YES;
				"INFOPLIST_KEY_UIApplicationSceneManifest_Generation[sdk=iphonesimulator*]" = YES;
				"INFOPLIST_KEY_UIApplicationSupportsIndirectInputEvents[sdk=iphoneos*]" = YES;
				"INFOPLIST_KEY_UIApplicationSupportsIndirectInputEvents[sdk=iphonesimulator*]" = YES;
				"INFOPLIST_KEY_UILaunchScreen_Generation[sdk=iphoneos*]" = YES;
				"INFOPLIST_KEY_UILaunchScreen_Generation[sdk=iphonesimulator*]" = YES;
				INFOPLIST_KEY_UIRequiresFullScreen = YES;
				"INFOPLIST_KEY_UIStatusBarStyle[sdk=iphoneos*]" = UIStatusBarStyleDefault;
				"INFOPLIST_KEY_UIStatusBarStyle[sdk=iphonesimulator*]" = UIStatusBarStyleDefault;
				INFOPLIST_KEY_UISupportedInterfaceOrientations = UIInterfaceOrientationPortrait;
				INFOPLIST_KEY_UISupportedInterfaceOrientations_iPad = "UIInterfaceOrientationLandscapeLeft UIInterfaceOrientationLandscapeRight UIInterfaceOrientationPortrait UIInterfaceOrientationPortraitUpsideDown";
				IPHONEOS_DEPLOYMENT_TARGET = 16.4;
				LD_RUNPATH_SEARCH_PATHS = "@executable_path/Frameworks";
				"LD_RUNPATH_SEARCH_PATHS[sdk=macosx*]" = "@executable_path/../Frameworks";
				MACOSX_DEPLOYMENT_TARGET = 13.3;
				MARKETING_VERSION = 1.0;
				PRODUCT_BUNDLE_IDENTIFIER = com.clemensageder.Otis;
				PRODUCT_NAME = "$(TARGET_NAME)";
				SDKROOT = auto;
				SUPPORTED_PLATFORMS = "iphoneos iphonesimulator macosx";
				SWIFT_EMIT_LOC_STRINGS = YES;
				SWIFT_VERSION = 5.0;
				TARGETED_DEVICE_FAMILY = "1,2";
			};
			name = Debug;
		};
		086009B42A013BE8006485F7 /* Release */ = {
			isa = XCBuildConfiguration;
			buildSettings = {
				ASSETCATALOG_COMPILER_APPICON_NAME = AppIcon;
				ASSETCATALOG_COMPILER_GLOBAL_ACCENT_COLOR_NAME = AccentColor;
				CODE_SIGN_ENTITLEMENTS = Otis/Otis.entitlements;
				CODE_SIGN_STYLE = Automatic;
				CURRENT_PROJECT_VERSION = 1;
				DEVELOPMENT_ASSET_PATHS = "\"Otis/Preview Content\"";
				DEVELOPMENT_TEAM = JAX778BFWN;
				ENABLE_HARDENED_RUNTIME = YES;
				ENABLE_PREVIEWS = YES;
				GENERATE_INFOPLIST_FILE = YES;
				"INFOPLIST_KEY_UIApplicationSceneManifest_Generation[sdk=iphoneos*]" = YES;
				"INFOPLIST_KEY_UIApplicationSceneManifest_Generation[sdk=iphonesimulator*]" = YES;
				"INFOPLIST_KEY_UIApplicationSupportsIndirectInputEvents[sdk=iphoneos*]" = YES;
				"INFOPLIST_KEY_UIApplicationSupportsIndirectInputEvents[sdk=iphonesimulator*]" = YES;
				"INFOPLIST_KEY_UILaunchScreen_Generation[sdk=iphoneos*]" = YES;
				"INFOPLIST_KEY_UILaunchScreen_Generation[sdk=iphonesimulator*]" = YES;
				INFOPLIST_KEY_UIRequiresFullScreen = YES;
				"INFOPLIST_KEY_UIStatusBarStyle[sdk=iphoneos*]" = UIStatusBarStyleDefault;
				"INFOPLIST_KEY_UIStatusBarStyle[sdk=iphonesimulator*]" = UIStatusBarStyleDefault;
				INFOPLIST_KEY_UISupportedInterfaceOrientations = UIInterfaceOrientationPortrait;
				INFOPLIST_KEY_UISupportedInterfaceOrientations_iPad = "UIInterfaceOrientationLandscapeLeft UIInterfaceOrientationLandscapeRight UIInterfaceOrientationPortrait UIInterfaceOrientationPortraitUpsideDown";
				IPHONEOS_DEPLOYMENT_TARGET = 16.4;
				LD_RUNPATH_SEARCH_PATHS = "@executable_path/Frameworks";
				"LD_RUNPATH_SEARCH_PATHS[sdk=macosx*]" = "@executable_path/../Frameworks";
				MACOSX_DEPLOYMENT_TARGET = 13.3;
				MARKETING_VERSION = 1.0;
				PRODUCT_BUNDLE_IDENTIFIER = com.clemensageder.Otis;
				PRODUCT_NAME = "$(TARGET_NAME)";
				SDKROOT = auto;
				SUPPORTED_PLATFORMS = "iphoneos iphonesimulator macosx";
				SWIFT_EMIT_LOC_STRINGS = YES;
				SWIFT_VERSION = 5.0;
				TARGETED_DEVICE_FAMILY = "1,2";
			};
			name = Release;
		};
/* End XCBuildConfiguration section */

/* Begin XCConfigurationList section */
		0860099E2A013BE7006485F7 /* Build configuration list for PBXProject "Otis" */ = {
			isa = XCConfigurationList;
			buildConfigurations = (
				086009B02A013BE8006485F7 /* Debug */,
				086009B12A013BE8006485F7 /* Release */,
			);
			defaultConfigurationIsVisible = 0;
			defaultConfigurationName = Release;
		};
		086009B22A013BE8006485F7 /* Build configuration list for PBXNativeTarget "Otis" */ = {
			isa = XCConfigurationList;
			buildConfigurations = (
				086009B32A013BE8006485F7 /* Debug */,
				086009B42A013BE8006485F7 /* Release */,
			);
			defaultConfigurationIsVisible = 0;
			defaultConfigurationName = Release;
		};
/* End XCConfigurationList section */
	};
	rootObject = 0860099B2A013BE7006485F7 /* Project object */;
}
